// !$*UTF8*$!
{
	archiveVersion = 1;
	classes = {
	};
	objectVersion = 50;
	objects = {

/* Begin PBXBuildFile section */
		220F66C32152E5F10024ABC5 /* AppDelegate.m in Sources */ = {isa = PBXBuildFile; fileRef = 220F66C22152E5F10024ABC5 /* AppDelegate.m */; };
		220F66C62152E5F10024ABC5 /* ViewController.m in Sources */ = {isa = PBXBuildFile; fileRef = 220F66C52152E5F10024ABC5 /* ViewController.m */; };
		220F66C92152E5F10024ABC5 /* Main.storyboard in Resources */ = {isa = PBXBuildFile; fileRef = 220F66C72152E5F10024ABC5 /* Main.storyboard */; };
		220F66CB2152E5F20024ABC5 /* Assets.xcassets in Resources */ = {isa = PBXBuildFile; fileRef = 220F66CA2152E5F20024ABC5 /* Assets.xcassets */; };
		220F66CE2152E5F20024ABC5 /* LaunchScreen.storyboard in Resources */ = {isa = PBXBuildFile; fileRef = 220F66CC2152E5F20024ABC5 /* LaunchScreen.storyboard */; };
		220F66D12152E5F20024ABC5 /* main.m in Sources */ = {isa = PBXBuildFile; fileRef = 220F66D02152E5F20024ABC5 /* main.m */; };
		220F66DA2152E8550024ABC5 /* AccountCell.m in Sources */ = {isa = PBXBuildFile; fileRef = 220F66D82152E8550024ABC5 /* AccountCell.m */; };
		220F66DB2152E8550024ABC5 /* AccountCell.xib in Resources */ = {isa = PBXBuildFile; fileRef = 220F66D92152E8550024ABC5 /* AccountCell.xib */; };
/* End PBXBuildFile section */

/* Begin PBXFileReference section */
		220F66BE2152E5F10024ABC5 /* TableView Reorder Objc.app */ = {isa = PBXFileReference; explicitFileType = wrapper.application; includeInIndex = 0; path = "TableView Reorder Objc.app"; sourceTree = BUILT_PRODUCTS_DIR; };
		220F66C12152E5F10024ABC5 /* AppDelegate.h */ = {isa = PBXFileReference; lastKnownFileType = sourcecode.c.h; path = AppDelegate.h; sourceTree = "<group>"; };
		220F66C22152E5F10024ABC5 /* AppDelegate.m */ = {isa = PBXFileReference; lastKnownFileType = sourcecode.c.objc; path = AppDelegate.m; sourceTree = "<group>"; };
		220F66C42152E5F10024ABC5 /* ViewController.h */ = {isa = PBXFileReference; lastKnownFileType = sourcecode.c.h; path = ViewController.h; sourceTree = "<group>"; };
		220F66C52152E5F10024ABC5 /* ViewController.m */ = {isa = PBXFileReference; lastKnownFileType = sourcecode.c.objc; path = ViewController.m; sourceTree = "<group>"; };
		220F66C82152E5F10024ABC5 /* Base */ = {isa = PBXFileReference; lastKnownFileType = file.storyboard; name = Base; path = Base.lproj/Main.storyboard; sourceTree = "<group>"; };
		220F66CA2152E5F20024ABC5 /* Assets.xcassets */ = {isa = PBXFileReference; lastKnownFileType = folder.assetcatalog; path = Assets.xcassets; sourceTree = "<group>"; };
		220F66CD2152E5F20024ABC5 /* Base */ = {isa = PBXFileReference; lastKnownFileType = file.storyboard; name = Base; path = Base.lproj/LaunchScreen.storyboard; sourceTree = "<group>"; };
		220F66CF2152E5F20024ABC5 /* Info.plist */ = {isa = PBXFileReference; lastKnownFileType = text.plist.xml; path = Info.plist; sourceTree = "<group>"; };
		220F66D02152E5F20024ABC5 /* main.m */ = {isa = PBXFileReference; lastKnownFileType = sourcecode.c.objc; path = main.m; sourceTree = "<group>"; };
		220F66D72152E8550024ABC5 /* AccountCell.h */ = {isa = PBXFileReference; lastKnownFileType = sourcecode.c.h; path = AccountCell.h; sourceTree = "<group>"; };
		220F66D82152E8550024ABC5 /* AccountCell.m */ = {isa = PBXFileReference; lastKnownFileType = sourcecode.c.objc; path = AccountCell.m; sourceTree = "<group>"; };
		220F66D92152E8550024ABC5 /* AccountCell.xib */ = {isa = PBXFileReference; lastKnownFileType = file.xib; path = AccountCell.xib; sourceTree = "<group>"; };
/* End PBXFileReference section */

/* Begin PBXFrameworksBuildPhase section */
		220F66BB2152E5F10024ABC5 /* Frameworks */ = {
			isa = PBXFrameworksBuildPhase;
			buildActionMask = 2147483647;
			files = (
			);
			runOnlyForDeploymentPostprocessing = 0;
		};
/* End PBXFrameworksBuildPhase section */

/* Begin PBXGroup section */
		220F66B52152E5F10024ABC5 = {
			isa = PBXGroup;
			children = (
				220F66C02152E5F10024ABC5 /* TableView Reorder Objc */,
				220F66BF2152E5F10024ABC5 /* Products */,
			);
			sourceTree = "<group>";
		};
		220F66BF2152E5F10024ABC5 /* Products */ = {
			isa = PBXGroup;
			children = (
				220F66BE2152E5F10024ABC5 /* TableView Reorder Objc.app */,
			);
			name = Products;
			sourceTree = "<group>";
		};
		220F66C02152E5F10024ABC5 /* TableView Reorder Objc */ = {
			isa = PBXGroup;
			children = (
				220F66C12152E5F10024ABC5 /* AppDelegate.h */,
				220F66C22152E5F10024ABC5 /* AppDelegate.m */,
				220F66C42152E5F10024ABC5 /* ViewController.h */,
				220F66C52152E5F10024ABC5 /* ViewController.m */,
				220F66D72152E8550024ABC5 /* AccountCell.h */,
				220F66D82152E8550024ABC5 /* AccountCell.m */,
				220F66D92152E8550024ABC5 /* AccountCell.xib */,
				220F66C72152E5F10024ABC5 /* Main.storyboard */,
				220F66CA2152E5F20024ABC5 /* Assets.xcassets */,
				220F66CC2152E5F20024ABC5 /* LaunchScreen.storyboard */,
				220F66CF2152E5F20024ABC5 /* Info.plist */,
				220F66D02152E5F20024ABC5 /* main.m */,
			);
			path = "TableView Reorder Objc";
			sourceTree = "<group>";
		};
/* End PBXGroup section */

/* Begin PBXNativeTarget section */
		220F66BD2152E5F10024ABC5 /* TableView Reorder Objc */ = {
			isa = PBXNativeTarget;
			buildConfigurationList = 220F66D42152E5F20024ABC5 /* Build configuration list for PBXNativeTarget "TableView Reorder Objc" */;
			buildPhases = (
				220F66BA2152E5F10024ABC5 /* Sources */,
				220F66BB2152E5F10024ABC5 /* Frameworks */,
				220F66BC2152E5F10024ABC5 /* Resources */,
			);
			buildRules = (
			);
			dependencies = (
			);
			name = "TableView Reorder Objc";
			productName = "TableView Reorder Objc";
			productReference = 220F66BE2152E5F10024ABC5 /* TableView Reorder Objc.app */;
			productType = "com.apple.product-type.application";
		};
/* End PBXNativeTarget section */

/* Begin PBXProject section */
		220F66B62152E5F10024ABC5 /* Project object */ = {
			isa = PBXProject;
			attributes = {
				LastUpgradeCheck = 0940;
				ORGANIZATIONNAME = "William Peroche";
				TargetAttributes = {
					220F66BD2152E5F10024ABC5 = {
						CreatedOnToolsVersion = 9.4.1;
					};
				};
			};
			buildConfigurationList = 220F66B92152E5F10024ABC5 /* Build configuration list for PBXProject "TableView Reorder Objc" */;
			compatibilityVersion = "Xcode 9.3";
			developmentRegion = en;
			hasScannedForEncodings = 0;
			knownRegions = (
				en,
				Base,
			);
			mainGroup = 220F66B52152E5F10024ABC5;
			productRefGroup = 220F66BF2152E5F10024ABC5 /* Products */;
			projectDirPath = "";
			projectRoot = "";
			targets = (
				220F66BD2152E5F10024ABC5 /* TableView Reorder Objc */,
			);
		};
/* End PBXProject section */

/* Begin PBXResourcesBuildPhase section */
		220F66BC2152E5F10024ABC5 /* Resources */ = {
			isa = PBXResourcesBuildPhase;
			buildActionMask = 2147483647;
			files = (
				220F66CE2152E5F20024ABC5 /* LaunchScreen.storyboard in Resources */,
				220F66DB2152E8550024ABC5 /* AccountCell.xib in Resources */,
				220F66CB2152E5F20024ABC5 /* Assets.xcassets in Resources */,
				220F66C92152E5F10024ABC5 /* Main.storyboard in Resources */,
			);
			runOnlyForDeploymentPostprocessing = 0;
		};
/* End PBXResourcesBuildPhase section */

/* Begin PBXSourcesBuildPhase section */
		220F66BA2152E5F10024ABC5 /* Sources */ = {
			isa = PBXSourcesBuildPhase;
			buildActionMask = 2147483647;
			files = (
				220F66C62152E5F10024ABC5 /* ViewController.m in Sources */,
				220F66DA2152E8550024ABC5 /* AccountCell.m in Sources */,
				220F66D12152E5F20024ABC5 /* main.m in Sources */,
				220F66C32152E5F10024ABC5 /* AppDelegate.m in Sources */,
			);
			runOnlyForDeploymentPostprocessing = 0;
		};
/* End PBXSourcesBuildPhase section */

/* Begin PBXVariantGroup section */
		220F66C72152E5F10024ABC5 /* Main.storyboard */ = {
			isa = PBXVariantGroup;
			children = (
				220F66C82152E5F10024ABC5 /* Base */,
			);
			name = Main.storyboard;
			sourceTree = "<group>";
		};
		220F66CC2152E5F20024ABC5 /* LaunchScreen.storyboard */ = {
			isa = PBXVariantGroup;
			children = (
				220F66CD2152E5F20024ABC5 /* Base */,
			);
			name = LaunchScreen.storyboard;
			sourceTree = "<group>";
		};
/* End PBXVariantGroup section */

/* Begin XCBuildConfiguration section */
		220F66D22152E5F20024ABC5 /* Debug */ = {
			isa = XCBuildConfiguration;
			buildSettings = {
				ALWAYS_SEARCH_USER_PATHS = NO;
				CLANG_ANALYZER_NONNULL = YES;
				CLANG_ANALYZER_NUMBER_OBJECT_CONVERSION = YES_AGGRESSIVE;
				CLANG_CXX_LANGUAGE_STANDARD = "gnu++14";
				CLANG_CXX_LIBRARY = "libc++";
				CLANG_ENABLE_MODULES = YES;
				CLANG_ENABLE_OBJC_ARC = YES;
				CLANG_ENABLE_OBJC_WEAK = YES;
				CLANG_WARN_BLOCK_CAPTURE_AUTORELEASING = YES;
				CLANG_WARN_BOOL_CONVERSION = YES;
				CLANG_WARN_COMMA = YES;
				CLANG_WARN_CONSTANT_CONVERSION = YES;
				CLANG_WARN_DEPRECATED_OBJC_IMPLEMENTATIONS = YES;
				CLANG_WARN_DIRECT_OBJC_ISA_USAGE = YES_ERROR;
				CLANG_WARN_DOCUMENTATION_COMMENTS = YES;
				CLANG_WARN_EMPTY_BODY = YES;
				CLANG_WARN_ENUM_CONVERSION = YES;
				CLANG_WARN_INFINITE_RECURSION = YES;
				CLANG_WARN_INT_CONVERSION = YES;
				CLANG_WARN_NON_LITERAL_NULL_CONVERSION = YES;
				CLANG_WARN_OBJC_IMPLICIT_RETAIN_SELF = YES;
				CLANG_WARN_OBJC_LITERAL_CONVERSION = YES;
				CLANG_WARN_OBJC_ROOT_CLASS = YES_ERROR;
				CLANG_WARN_RANGE_LOOP_ANALYSIS = YES;
				CLANG_WARN_STRICT_PROTOTYPES = YES;
				CLANG_WARN_SUSPICIOUS_MOVE = YES;
				CLANG_WARN_UNGUARDED_AVAILABILITY = YES_AGGRESSIVE;
				CLANG_WARN_UNREACHABLE_CODE = YES;
				CLANG_WARN__DUPLICATE_METHOD_MATCH = YES;
				CODE_SIGN_IDENTITY = "iPhone Developer";
				COPY_PHASE_STRIP = NO;
				DEBUG_INFORMATION_FORMAT = dwarf;
				ENABLE_STRICT_OBJC_MSGSEND = YES;
				ENABLE_TESTABILITY = YES;
				GCC_C_LANGUAGE_STANDARD = gnu11;
				GCC_DYNAMIC_NO_PIC = NO;
				GCC_NO_COMMON_BLOCKS = YES;
				GCC_OPTIMIZATION_LEVEL = 0;
				GCC_PREPROCESSOR_DEFINITIONS = (
					"DEBUG=1",
					"$(inherited)",
				);
				GCC_WARN_64_TO_32_BIT_CONVERSION = YES;
				GCC_WARN_ABOUT_RETURN_TYPE = YES_ERROR;
				GCC_WARN_UNDECLARED_SELECTOR = YES;
				GCC_WARN_UNINITIALIZED_AUTOS = YES_AGGRESSIVE;
				GCC_WARN_UNUSED_FUNCTION = YES;
				GCC_WARN_UNUSED_VARIABLE = YES;
				IPHONEOS_DEPLOYMENT_TARGET = 11.4;
				MTL_ENABLE_DEBUG_INFO = YES;
				ONLY_ACTIVE_ARCH = YES;
				SDKROOT = iphoneos;
			};
			name = Debug;
		};
		220F66D32152E5F20024ABC5 /* Release */ = {
			isa = XCBuildConfiguration;
			buildSettings = {
				ALWAYS_SEARCH_USER_PATHS = NO;
				CLANG_ANALYZER_NONNULL = YES;
				CLANG_ANALYZER_NUMBER_OBJECT_CONVERSION = YES_AGGRESSIVE;
				CLANG_CXX_LANGUAGE_STANDARD = "gnu++14";
				CLANG_CXX_LIBRARY = "libc++";
				CLANG_ENABLE_MODULES = YES;
				CLANG_ENABLE_OBJC_ARC = YES;
				CLANG_ENABLE_OBJC_WEAK = YES;
				CLANG_WARN_BLOCK_CAPTURE_AUTORELEASING = YES;
				CLANG_WARN_BOOL_CONVERSION = YES;
				CLANG_WARN_COMMA = YES;
				CLANG_WARN_CONSTANT_CONVERSION = YES;
				CLANG_WARN_DEPRECATED_OBJC_IMPLEMENTATIONS = YES;
				CLANG_WARN_DIRECT_OBJC_ISA_USAGE = YES_ERROR;
				CLANG_WARN_DOCUMENTATION_COMMENTS = YES;
				CLANG_WARN_EMPTY_BODY = YES;
				CLANG_WARN_ENUM_CONVERSION = YES;
				CLANG_WARN_INFINITE_RECURSION = YES;
				CLANG_WARN_INT_CONVERSION = YES;
				CLANG_WARN_NON_LITERAL_NULL_CONVERSION = YES;
				CLANG_WARN_OBJC_IMPLICIT_RETAIN_SELF = YES;
				CLANG_WARN_OBJC_LITERAL_CONVERSION = YES;
				CLANG_WARN_OBJC_ROOT_CLASS = YES_ERROR;
				CLANG_WARN_RANGE_LOOP_ANALYSIS = YES;
				CLANG_WARN_STRICT_PROTOTYPES = YES;
				CLANG_WARN_SUSPICIOUS_MOVE = YES;
				CLANG_WARN_UNGUARDED_AVAILABILITY = YES_AGGRESSIVE;
				CLANG_WARN_UNREACHABLE_CODE = YES;
				CLANG_WARN__DUPLICATE_METHOD_MATCH = YES;
				CODE_SIGN_IDENTITY = "iPhone Developer";
				COPY_PHASE_STRIP = NO;
				DEBUG_INFORMATION_FORMAT = "dwarf-with-dsym";
				ENABLE_NS_ASSERTIONS = NO;
				ENABLE_STRICT_OBJC_MSGSEND = YES;
				GCC_C_LANGUAGE_STANDARD = gnu11;
				GCC_NO_COMMON_BLOCKS = YES;
				GCC_WARN_64_TO_32_BIT_CONVERSION = YES;
				GCC_WARN_ABOUT_RETURN_TYPE = YES_ERROR;
				GCC_WARN_UNDECLARED_SELECTOR = YES;
				GCC_WARN_UNINITIALIZED_AUTOS = YES_AGGRESSIVE;
				GCC_WARN_UNUSED_FUNCTION = YES;
				GCC_WARN_UNUSED_VARIABLE = YES;
				IPHONEOS_DEPLOYMENT_TARGET = 11.4;
				MTL_ENABLE_DEBUG_INFO = NO;
				SDKROOT = iphoneos;
				VALIDATE_PRODUCT = YES;
			};
			name = Release;
		};
		220F66D52152E5F20024ABC5 /* Debug */ = {
			isa = XCBuildConfiguration;
			buildSettings = {
				ASSETCATALOG_COMPILER_APPICON_NAME = AppIcon;
				CODE_SIGN_STYLE = Automatic;
				INFOPLIST_FILE = "TableView Reorder Objc/Info.plist";
				IPHONEOS_DEPLOYMENT_TARGET = 8.0;
				LD_RUNPATH_SEARCH_PATHS = (
					"$(inherited)",
					"@executable_path/Frameworks",
				);
				PRODUCT_BUNDLE_IDENTIFIER = "com.test.TableView-Reorder-Objc";
				PRODUCT_NAME = "$(TARGET_NAME)";
				TARGETED_DEVICE_FAMILY = "1,2";
			};
			name = Debug;
		};
		220F66D62152E5F20024ABC5 /* Release */ = {
			isa = XCBuildConfiguration;
			buildSettings = {
				ASSETCATALOG_COMPILER_APPICON_NAME = AppIcon;
				CODE_SIGN_STYLE = Automatic;
				INFOPLIST_FILE = "TableView Reorder Objc/Info.plist";
				IPHONEOS_DEPLOYMENT_TARGET = 8.0;
				LD_RUNPATH_SEARCH_PATHS = (
					"$(inherited)",
					"@executable_path/Frameworks",
				);
				PRODUCT_BUNDLE_IDENTIFIER = "com.test.TableView-Reorder-Objc";
				PRODUCT_NAME = "$(TARGET_NAME)";
				TARGETED_DEVICE_FAMILY = "1,2";
			};
			name = Release;
		};
/* End XCBuildConfiguration section */

/* Begin XCConfigurationList section */
		220F66B92152E5F10024ABC5 /* Build configuration list for PBXProject "TableView Reorder Objc" */ = {
			isa = XCConfigurationList;
			buildConfigurations = (
				220F66D22152E5F20024ABC5 /* Debug */,
				220F66D32152E5F20024ABC5 /* Release */,
			);
			defaultConfigurationIsVisible = 0;
			defaultConfigurationName = Release;
		};
		220F66D42152E5F20024ABC5 /* Build configuration list for PBXNativeTarget "TableView Reorder Objc" */ = {
			isa = XCConfigurationList;
			buildConfigurations = (
				220F66D52152E5F20024ABC5 /* Debug */,
				220F66D62152E5F20024ABC5 /* Release */,
			);
			defaultConfigurationIsVisible = 0;
			defaultConfigurationName = Release;
		};
/* End XCConfigurationList section */
	};
	rootObject = 220F66B62152E5F10024ABC5 /* Project object */;
}
